
Microsoft Visual Studio Solution File, Format Version 12.00
# Visual Studio Version 17
VisualStudioVersion = 17.10.34928.147
MinimumVisualStudioVersion = 10.0.40219.1
Project("{FAE04EC0-301F-11D3-BF4B-00C04F79EFBC}") = "WinFormsApp2", "WinFormsApp2\WinFormsApp2.csproj", "{54DCA671-D8F3-4E96-A6BB-E2204355BAA9}"
EndProject
Global
	GlobalSection(SolutionConfigurationPlatforms) = preSolution
		Debug|Any CPU = Debug|Any CPU
		Release|Any CPU = Release|Any CPU
	EndGlobalSection
	GlobalSection(ProjectConfigurationPlatforms) = postSolution
		{54DCA671-D8F3-4E96-A6BB-E2204355BAA9}.Debug|Any CPU.ActiveCfg = Debug|Any CPU
		{54DCA671-D8F3-4E96-A6BB-E2204355BAA9}.Debug|Any CPU.Build.0 = Debug|Any CPU
		{54DCA671-D8F3-4E96-A6BB-E2204355BAA9}.Release|Any CPU.ActiveCfg = Release|Any CPU
		{54DCA671-D8F3-4E96-A6BB-E2204355BAA9}.Release|Any CPU.Build.0 = Release|Any CPU
	EndGlobalSection
	GlobalSection(SolutionProperties) = preSolution
		HideSolutionNode = FALSE
	EndGlobalSection
	GlobalSection(ExtensibilityGlobals) = postSolution
		SolutionGuid = {023B8FBE-492B-440B-A4F0-4FBAF5B5513F}
	EndGlobalSection
EndGlobal
